
Microsoft Visual Studio Solution File, Format Version 9.00
# Visual Studio 2005
Project("{F184B08F-C81C-45F6-A57F-5ABD9991F28F}") = "TSiBA Email Account RegGen", "TSiBA Email Account RegGen\TSiBA Email Account RegGen.vbproj", "{CE9F843D-B717-499B-9353-F91FB2EF7782}"
EndProject
Global
	GlobalSection(SolutionConfigurationPlatforms) = preSolution
		Debug|Any CPU = Debug|Any CPU
		Release|Any CPU = Release|Any CPU
	EndGlobalSection
	GlobalSection(ProjectConfigurationPlatforms) = postSolution
		{CE9F843D-B717-499B-9353-F91FB2EF7782}.Debug|Any CPU.ActiveCfg = Debug|Any CPU
		{CE9F843D-B717-499B-9353-F91FB2EF7782}.Debug|Any CPU.Build.0 = Debug|Any CPU
		{CE9F843D-B717-499B-9353-F91FB2EF7782}.Release|Any CPU.ActiveCfg = Release|Any CPU
		{CE9F843D-B717-499B-9353-F91FB2EF7782}.Release|Any CPU.Build.0 = Release|Any CPU
	EndGlobalSection
	GlobalSection(SolutionProperties) = preSolution
		HideSolutionNode = FALSE
	EndGlobalSection
EndGlobal
